
Microsoft Visual Studio Solution File, Format Version 12.00
# Visual Studio Version 16
VisualStudioVersion = 16.0.31624.102
MinimumVisualStudioVersion = 10.0.40219.1
Project("{FAE04EC0-301F-11D3-BF4B-00C04F79EFBC}") = "TspGa", "TspGa.csproj", "{C4300EBD-8779-411A-884C-FF2DE6660B1C}"
EndProject
Global
	GlobalSection(SolutionConfigurationPlatforms) = preSolution
		Debug|Any CPU = Debug|Any CPU
		Release|Any CPU = Release|Any CPU
	EndGlobalSection
	GlobalSection(ProjectConfigurationPlatforms) = postSolution
		{C4300EBD-8779-411A-884C-FF2DE6660B1C}.Debug|Any CPU.ActiveCfg = Debug|Any CPU
		{C4300EBD-8779-411A-884C-FF2DE6660B1C}.Debug|Any CPU.Build.0 = Debug|Any CPU
		{C4300EBD-8779-411A-884C-FF2DE6660B1C}.Release|Any CPU.ActiveCfg = Release|Any CPU
		{C4300EBD-8779-411A-884C-FF2DE6660B1C}.Release|Any CPU.Build.0 = Release|Any CPU
	EndGlobalSection
	GlobalSection(SolutionProperties) = preSolution
		HideSolutionNode = FALSE
	EndGlobalSection
	GlobalSection(ExtensibilityGlobals) = postSolution
		SolutionGuid = {A0CF4579-EB1E-42F2-A14A-4683B473DF66}
	EndGlobalSection
EndGlobal
